{
  "requires": true,
  "lockfileVersion": 1,
  "dependencies": {
    "color-calendar": {
      "version": "1.0.5",
      "resolved": "https://registry.npmjs.org/color-calendar/-/color-calendar-1.0.5.tgz",
      "integrity": "sha512-E71QVMyiMcAQ8cvTkKK2GUcqTsWjMMiYIbLRVWwFQZM+AF7bulCeedU1hd2vfiQl6n/h8MPMtRTMVJi72fRf7A=="
    }
  }
}
